
Microsoft Visual Studio Solution File, Format Version 12.00
# Visual Studio Version 17
VisualStudioVersion = 17.9.34616.47
MinimumVisualStudioVersion = 10.0.40219.1
Project("{FAE04EC0-301F-11D3-BF4B-00C04F79EFBC}") = "Mars", "Mars.csproj", "{639C4A5D-150A-4060-9A67-ED78A1A2CF97}"
EndProject
Global
	GlobalSection(SolutionConfigurationPlatforms) = preSolution
		Debug|Any CPU = Debug|Any CPU
		Release|Any CPU = Release|Any CPU
	EndGlobalSection
	GlobalSection(ProjectConfigurationPlatforms) = postSolution
		{639C4A5D-150A-4060-9A67-ED78A1A2CF97}.Debug|Any CPU.ActiveCfg = Debug|Any CPU
		{639C4A5D-150A-4060-9A67-ED78A1A2CF97}.Debug|Any CPU.Build.0 = Debug|Any CPU
		{639C4A5D-150A-4060-9A67-ED78A1A2CF97}.Release|Any CPU.ActiveCfg = Release|Any CPU
		{639C4A5D-150A-4060-9A67-ED78A1A2CF97}.Release|Any CPU.Build.0 = Release|Any CPU
	EndGlobalSection
	GlobalSection(SolutionProperties) = preSolution
		HideSolutionNode = FALSE
	EndGlobalSection
	GlobalSection(ExtensibilityGlobals) = postSolution
		SolutionGuid = {331AEBDD-3559-4CE9-99C9-DD207583217E}
	EndGlobalSection
EndGlobal
